
Microsoft Visual Studio Solution File, Format Version 12.00
# Visual Studio Version 16
VisualStudioVersion = 16.0.31321.278
MinimumVisualStudioVersion = 10.0.40219.1
Project("{FAE04EC0-301F-11D3-BF4B-00C04F79EFBC}") = "원격제어프로그램", "원격제어프로그램\원격제어프로그램.csproj", "{A1AD8186-79F0-43D7-8D8F-34524EFB7D9C}"
EndProject
Project("{FAE04EC0-301F-11D3-BF4B-00C04F79EFBC}") = "RecvRCInfoEventLib", "RecvRCInfoEventLib\RecvRCInfoEventLib.csproj", "{0A4EC432-79D8-45BD-BCB2-01C024BA7CCC}"
EndProject
Project("{FAE04EC0-301F-11D3-BF4B-00C04F79EFBC}") = "KMESendRecvLib", "KMESendRecvLib\KMESendRecvLib.csproj", "{0D37E400-EB99-4577-B23B-556225E501BD}"
EndProject
Project("{FAE04EC0-301F-11D3-BF4B-00C04F79EFBC}") = "ImgSendRecvLib", "ImgSendRecvLib\ImgSendRecvLib.csproj", "{22A0B82E-E25A-48EF-8CEB-F8C041F39B16}"
EndProject
Project("{FAE04EC0-301F-11D3-BF4B-00C04F79EFBC}") = "이미지수신서버", "이미지수신서버\이미지수신서버.csproj", "{C7FA82CD-C8ED-4ADF-B097-98660603C65F}"
EndProject
Project("{FAE04EC0-301F-11D3-BF4B-00C04F79EFBC}") = "이미지 캡쳐 및 전송 클라이언트", "이미지 캡쳐 및 전송 클라이언트\이미지 캡쳐 및 전송 클라이언트.csproj", "{7400D0AC-DE18-48F6-B9AA-87164111D2F6}"
EndProject
Global
	GlobalSection(SolutionConfigurationPlatforms) = preSolution
		Debug|Any CPU = Debug|Any CPU
		Debug|x64 = Debug|x64
		Debug|x86 = Debug|x86
		Release|Any CPU = Release|Any CPU
		Release|x64 = Release|x64
		Release|x86 = Release|x86
	EndGlobalSection
	GlobalSection(ProjectConfigurationPlatforms) = postSolution
		{A1AD8186-79F0-43D7-8D8F-34524EFB7D9C}.Debug|Any CPU.ActiveCfg = Debug|Any CPU
		{A1AD8186-79F0-43D7-8D8F-34524EFB7D9C}.Debug|Any CPU.Build.0 = Debug|Any CPU
		{A1AD8186-79F0-43D7-8D8F-34524EFB7D9C}.Debug|x64.ActiveCfg = Debug|Any CPU
		{A1AD8186-79F0-43D7-8D8F-34524EFB7D9C}.Debug|x64.Build.0 = Debug|Any CPU
		{A1AD8186-79F0-43D7-8D8F-34524EFB7D9C}.Debug|x86.ActiveCfg = Debug|Any CPU
		{A1AD8186-79F0-43D7-8D8F-34524EFB7D9C}.Debug|x86.Build.0 = Debug|Any CPU
		{A1AD8186-79F0-43D7-8D8F-34524EFB7D9C}.Release|Any CPU.ActiveCfg = Release|Any CPU
		{A1AD8186-79F0-43D7-8D8F-34524EFB7D9C}.Release|Any CPU.Build.0 = Release|Any CPU
		{A1AD8186-79F0-43D7-8D8F-34524EFB7D9C}.Release|x64.ActiveCfg = Release|Any CPU
		{A1AD8186-79F0-43D7-8D8F-34524EFB7D9C}.Release|x64.Build.0 = Release|Any CPU
		{A1AD8186-79F0-43D7-8D8F-34524EFB7D9C}.Release|x86.ActiveCfg = Release|Any CPU
		{A1AD8186-79F0-43D7-8D8F-34524EFB7D9C}.Release|x86.Build.0 = Release|Any CPU
		{0A4EC432-79D8-45BD-BCB2-01C024BA7CCC}.Debug|Any CPU.ActiveCfg = Debug|Any CPU
		{0A4EC432-79D8-45BD-BCB2-01C024BA7CCC}.Debug|Any CPU.Build.0 = Debug|Any CPU
		{0A4EC432-79D8-45BD-BCB2-01C024BA7CCC}.Debug|x64.ActiveCfg = Debug|Any CPU
		{0A4EC432-79D8-45BD-BCB2-01C024BA7CCC}.Debug|x64.Build.0 = Debug|Any CPU
		{0A4EC432-79D8-45BD-BCB2-01C024BA7CCC}.Debug|x86.ActiveCfg = Debug|Any CPU
		{0A4EC432-79D8-45BD-BCB2-01C024BA7CCC}.Debug|x86.Build.0 = Debug|Any CPU
		{0A4EC432-79D8-45BD-BCB2-01C024BA7CCC}.Release|Any CPU.ActiveCfg = Release|Any CPU
		{0A4EC432-79D8-45BD-BCB2-01C024BA7CCC}.Release|Any CPU.Build.0 = Release|Any CPU
		{0A4EC432-79D8-45BD-BCB2-01C024BA7CCC}.Release|x64.ActiveCfg = Release|Any CPU
		{0A4EC432-79D8-45BD-BCB2-01C024BA7CCC}.Release|x64.Build.0 = Release|Any CPU
		{0A4EC432-79D8-45BD-BCB2-01C024BA7CCC}.Release|x86.ActiveCfg = Release|Any CPU
		{0A4EC432-79D8-45BD-BCB2-01C024BA7CCC}.Release|x86.Build.0 = Release|Any CPU
		{0D37E400-EB99-4577-B23B-556225E501BD}.Debug|Any CPU.ActiveCfg = Debug|Any CPU
		{0D37E400-EB99-4577-B23B-556225E501BD}.Debug|Any CPU.Build.0 = Debug|Any CPU
		{0D37E400-EB99-4577-B23B-556225E501BD}.Debug|x64.ActiveCfg = Debug|Any CPU
		{0D37E400-EB99-4577-B23B-556225E501BD}.Debug|x64.Build.0 = Debug|Any CPU
		{0D37E400-EB99-4577-B23B-556225E501BD}.Debug|x86.ActiveCfg = Debug|Any CPU
		{0D37E400-EB99-4577-B23B-556225E501BD}.Debug|x86.Build.0 = Debug|Any CPU
		{0D37E400-EB99-4577-B23B-556225E501BD}.Release|Any CPU.ActiveCfg = Release|Any CPU
		{0D37E400-EB99-4577-B23B-556225E501BD}.Release|Any CPU.Build.0 = Release|Any CPU
		{0D37E400-EB99-4577-B23B-556225E501BD}.Release|x64.ActiveCfg = Release|Any CPU
		{0D37E400-EB99-4577-B23B-556225E501BD}.Release|x64.Build.0 = Release|Any CPU
		{0D37E400-EB99-4577-B23B-556225E501BD}.Release|x86.ActiveCfg = Release|Any CPU
		{0D37E400-EB99-4577-B23B-556225E501BD}.Release|x86.Build.0 = Release|Any CPU
		{22A0B82E-E25A-48EF-8CEB-F8C041F39B16}.Debug|Any CPU.ActiveCfg = Debug|Any CPU
		{22A0B82E-E25A-48EF-8CEB-F8C041F39B16}.Debug|Any CPU.Build.0 = Debug|Any CPU
		{22A0B82E-E25A-48EF-8CEB-F8C041F39B16}.Debug|x64.ActiveCfg = Debug|Any CPU
		{22A0B82E-E25A-48EF-8CEB-F8C041F39B16}.Debug|x64.Build.0 = Debug|Any CPU
		{22A0B82E-E25A-48EF-8CEB-F8C041F39B16}.Debug|x86.ActiveCfg = Debug|Any CPU
		{22A0B82E-E25A-48EF-8CEB-F8C041F39B16}.Debug|x86.Build.0 = Debug|Any CPU
		{22A0B82E-E25A-48EF-8CEB-F8C041F39B16}.Release|Any CPU.ActiveCfg = Release|Any CPU
		{22A0B82E-E25A-48EF-8CEB-F8C041F39B16}.Release|Any CPU.Build.0 = Release|Any CPU
		{22A0B82E-E25A-48EF-8CEB-F8C041F39B16}.Release|x64.ActiveCfg = Release|Any CPU
		{22A0B82E-E25A-48EF-8CEB-F8C041F39B16}.Release|x64.Build.0 = Release|Any CPU
		{22A0B82E-E25A-48EF-8CEB-F8C041F39B16}.Release|x86.ActiveCfg = Release|Any CPU
		{22A0B82E-E25A-48EF-8CEB-F8C041F39B16}.Release|x86.Build.0 = Release|Any CPU
		{C7FA82CD-C8ED-4ADF-B097-98660603C65F}.Debug|Any CPU.ActiveCfg = Debug|Any CPU
		{C7FA82CD-C8ED-4ADF-B097-98660603C65F}.Debug|Any CPU.Build.0 = Debug|Any CPU
		{C7FA82CD-C8ED-4ADF-B097-98660603C65F}.Debug|x64.ActiveCfg = Debug|Any CPU
		{C7FA82CD-C8ED-4ADF-B097-98660603C65F}.Debug|x64.Build.0 = Debug|Any CPU
		{C7FA82CD-C8ED-4ADF-B097-98660603C65F}.Debug|x86.ActiveCfg = Debug|Any CPU
		{C7FA82CD-C8ED-4ADF-B097-98660603C65F}.Debug|x86.Build.0 = Debug|Any CPU
		{C7FA82CD-C8ED-4ADF-B097-98660603C65F}.Release|Any CPU.ActiveCfg = Release|Any CPU
		{C7FA82CD-C8ED-4ADF-B097-98660603C65F}.Release|Any CPU.Build.0 = Release|Any CPU
		{C7FA82CD-C8ED-4ADF-B097-98660603C65F}.Release|x64.ActiveCfg = Release|Any CPU
		{C7FA82CD-C8ED-4ADF-B097-98660603C65F}.Release|x64.Build.0 = Release|Any CPU
		{C7FA82CD-C8ED-4ADF-B097-98660603C65F}.Release|x86.ActiveCfg = Release|Any CPU
		{C7FA82CD-C8ED-4ADF-B097-98660603C65F}.Release|x86.Build.0 = Release|Any CPU
		{7400D0AC-DE18-48F6-B9AA-87164111D2F6}.Debug|Any CPU.ActiveCfg = Debug|Any CPU
		{7400D0AC-DE18-48F6-B9AA-87164111D2F6}.Debug|Any CPU.Build.0 = Debug|Any CPU
		{7400D0AC-DE18-48F6-B9AA-87164111D2F6}.Debug|x64.ActiveCfg = Debug|Any CPU
		{7400D0AC-DE18-48F6-B9AA-87164111D2F6}.Debug|x64.Build.0 = Debug|Any CPU
		{7400D0AC-DE18-48F6-B9AA-87164111D2F6}.Debug|x86.ActiveCfg = Debug|Any CPU
		{7400D0AC-DE18-48F6-B9AA-87164111D2F6}.Debug|x86.Build.0 = Debug|Any CPU
		{7400D0AC-DE18-48F6-B9AA-87164111D2F6}.Release|Any CPU.ActiveCfg = Release|Any CPU
		{7400D0AC-DE18-48F6-B9AA-87164111D2F6}.Release|Any CPU.Build.0 = Release|Any CPU
		{7400D0AC-DE18-48F6-B9AA-87164111D2F6}.Release|x64.ActiveCfg = Release|Any CPU
		{7400D0AC-DE18-48F6-B9AA-87164111D2F6}.Release|x64.Build.0 = Release|Any CPU
		{7400D0AC-DE18-48F6-B9AA-87164111D2F6}.Release|x86.ActiveCfg = Release|Any CPU
		{7400D0AC-DE18-48F6-B9AA-87164111D2F6}.Release|x86.Build.0 = Release|Any CPU
	EndGlobalSection
	GlobalSection(SolutionProperties) = preSolution
		HideSolutionNode = FALSE
	EndGlobalSection
	GlobalSection(ExtensibilityGlobals) = postSolution
		SolutionGuid = {2F60F00D-F3A5-4680-B1AE-49D72E547251}
	EndGlobalSection
EndGlobal
